
Microsoft Visual Studio Solution File, Format Version 12.00
# Visual Studio 2017
Project("{FAE04EC0-301F-11D3-BF4B-00C04F79EFBC}") = "H4CK3RM4N", "H4CK3RM4N.csproj", "{F10A8A3B-22E6-9D04-9B11-A3411A7E3BED}"
EndProject
Project("{FAE04EC0-301F-11D3-BF4B-00C04F79EFBC}") = "H4CK3RM4N.Plugins", "H4CK3RM4N.Plugins.csproj", "{33259502-D802-C643-4BB7-EBCFF911B676}"
EndProject
Project("{FAE04EC0-301F-11D3-BF4B-00C04F79EFBC}") = "H4CK3RM4N.Editor.Plugins", "H4CK3RM4N.Editor.Plugins.csproj", "{2ACBABF2-7A6A-10FB-0A0B-70E25E7A9252}"
EndProject
Global
	GlobalSection(SolutionConfigurationPlatforms) = preSolution
		Debug|Any CPU = Debug|Any CPU
		Release|Any CPU = Release|Any CPU
	EndGlobalSection
	GlobalSection(ProjectConfigurationPlatforms) = postSolution
		{F10A8A3B-22E6-9D04-9B11-A3411A7E3BED}.Debug|Any CPU.ActiveCfg = Debug|Any CPU
		{F10A8A3B-22E6-9D04-9B11-A3411A7E3BED}.Debug|Any CPU.Build.0 = Debug|Any CPU
		{F10A8A3B-22E6-9D04-9B11-A3411A7E3BED}.Release|Any CPU.ActiveCfg = Release|Any CPU
		{F10A8A3B-22E6-9D04-9B11-A3411A7E3BED}.Release|Any CPU.Build.0 = Release|Any CPU
		{33259502-D802-C643-4BB7-EBCFF911B676}.Debug|Any CPU.ActiveCfg = Debug|Any CPU
		{33259502-D802-C643-4BB7-EBCFF911B676}.Debug|Any CPU.Build.0 = Debug|Any CPU
		{33259502-D802-C643-4BB7-EBCFF911B676}.Release|Any CPU.ActiveCfg = Release|Any CPU
		{33259502-D802-C643-4BB7-EBCFF911B676}.Release|Any CPU.Build.0 = Release|Any CPU
		{2ACBABF2-7A6A-10FB-0A0B-70E25E7A9252}.Debug|Any CPU.ActiveCfg = Debug|Any CPU
		{2ACBABF2-7A6A-10FB-0A0B-70E25E7A9252}.Debug|Any CPU.Build.0 = Debug|Any CPU
		{2ACBABF2-7A6A-10FB-0A0B-70E25E7A9252}.Release|Any CPU.ActiveCfg = Release|Any CPU
		{2ACBABF2-7A6A-10FB-0A0B-70E25E7A9252}.Release|Any CPU.Build.0 = Release|Any CPU
	EndGlobalSection
	GlobalSection(SolutionProperties) = preSolution
		HideSolutionNode = FALSE
	EndGlobalSection
EndGlobal
